
Microsoft Visual Studio Solution File, Format Version 12.00
# Visual Studio 2013
VisualStudioVersion = 12.0.21005.1
MinimumVisualStudioVersion = 10.0.40219.1
Project("{FAE04EC0-301F-11D3-BF4B-00C04F79EFBC}") = "Common", "Common\Common.csproj", "{9872B736-C9A1-441B-9403-119757BC15BA}"
EndProject
Project("{FAE04EC0-301F-11D3-BF4B-00C04F79EFBC}") = "Model", "Model\Model.csproj", "{D3DCBB89-A55B-4570-8BA3-51AE14AF3E6B}"
EndProject
Project("{FAE04EC0-301F-11D3-BF4B-00C04F79EFBC}") = "Data", "Data\Data.csproj", "{E4DF0CC0-8BC5-48C4-8F0F-9042D28F6410}"
EndProject
Project("{FAE04EC0-301F-11D3-BF4B-00C04F79EFBC}") = "Service", "Service\Service.csproj", "{DE8E28CC-DF82-4F74-9E23-68460FC20195}"
EndProject
Project("{FAE04EC0-301F-11D3-BF4B-00C04F79EFBC}") = "UnitTest", "UnitTest\UnitTest.csproj", "{C2DD1395-ABF9-49CB-B1A9-8BCE3E9FE4F9}"
EndProject
Project("{FAE04EC0-301F-11D3-BF4B-00C04F79EFBC}") = "ThanhnguyenShopWeb", "ThanhnguyenShopWeb\ThanhnguyenShopWeb.csproj", "{D1FE74A8-487C-4F9E-ACE8-2AA3F4409F3B}"
EndProject
Global
	GlobalSection(SolutionConfigurationPlatforms) = preSolution
		Debug|Any CPU = Debug|Any CPU
		Release|Any CPU = Release|Any CPU
	EndGlobalSection
	GlobalSection(ProjectConfigurationPlatforms) = postSolution
		{9872B736-C9A1-441B-9403-119757BC15BA}.Debug|Any CPU.ActiveCfg = Debug|Any CPU
		{9872B736-C9A1-441B-9403-119757BC15BA}.Debug|Any CPU.Build.0 = Debug|Any CPU
		{9872B736-C9A1-441B-9403-119757BC15BA}.Release|Any CPU.ActiveCfg = Release|Any CPU
		{9872B736-C9A1-441B-9403-119757BC15BA}.Release|Any CPU.Build.0 = Release|Any CPU
		{D3DCBB89-A55B-4570-8BA3-51AE14AF3E6B}.Debug|Any CPU.ActiveCfg = Debug|Any CPU
		{D3DCBB89-A55B-4570-8BA3-51AE14AF3E6B}.Debug|Any CPU.Build.0 = Debug|Any CPU
		{D3DCBB89-A55B-4570-8BA3-51AE14AF3E6B}.Release|Any CPU.ActiveCfg = Release|Any CPU
		{D3DCBB89-A55B-4570-8BA3-51AE14AF3E6B}.Release|Any CPU.Build.0 = Release|Any CPU
		{E4DF0CC0-8BC5-48C4-8F0F-9042D28F6410}.Debug|Any CPU.ActiveCfg = Debug|Any CPU
		{E4DF0CC0-8BC5-48C4-8F0F-9042D28F6410}.Debug|Any CPU.Build.0 = Debug|Any CPU
		{E4DF0CC0-8BC5-48C4-8F0F-9042D28F6410}.Release|Any CPU.ActiveCfg = Release|Any CPU
		{E4DF0CC0-8BC5-48C4-8F0F-9042D28F6410}.Release|Any CPU.Build.0 = Release|Any CPU
		{DE8E28CC-DF82-4F74-9E23-68460FC20195}.Debug|Any CPU.ActiveCfg = Debug|Any CPU
		{DE8E28CC-DF82-4F74-9E23-68460FC20195}.Debug|Any CPU.Build.0 = Debug|Any CPU
		{DE8E28CC-DF82-4F74-9E23-68460FC20195}.Release|Any CPU.ActiveCfg = Release|Any CPU
		{DE8E28CC-DF82-4F74-9E23-68460FC20195}.Release|Any CPU.Build.0 = Release|Any CPU
		{C2DD1395-ABF9-49CB-B1A9-8BCE3E9FE4F9}.Debug|Any CPU.ActiveCfg = Debug|Any CPU
		{C2DD1395-ABF9-49CB-B1A9-8BCE3E9FE4F9}.Debug|Any CPU.Build.0 = Debug|Any CPU
		{C2DD1395-ABF9-49CB-B1A9-8BCE3E9FE4F9}.Release|Any CPU.ActiveCfg = Release|Any CPU
		{C2DD1395-ABF9-49CB-B1A9-8BCE3E9FE4F9}.Release|Any CPU.Build.0 = Release|Any CPU
		{D1FE74A8-487C-4F9E-ACE8-2AA3F4409F3B}.Debug|Any CPU.ActiveCfg = Debug|Any CPU
		{D1FE74A8-487C-4F9E-ACE8-2AA3F4409F3B}.Debug|Any CPU.Build.0 = Debug|Any CPU
		{D1FE74A8-487C-4F9E-ACE8-2AA3F4409F3B}.Release|Any CPU.ActiveCfg = Release|Any CPU
		{D1FE74A8-487C-4F9E-ACE8-2AA3F4409F3B}.Release|Any CPU.Build.0 = Release|Any CPU
	EndGlobalSection
	GlobalSection(SolutionProperties) = preSolution
		HideSolutionNode = FALSE
	EndGlobalSection
EndGlobal
